
Microsoft Visual Studio Solution File, Format Version 12.00
# Visual Studio 15
VisualStudioVersion = 15.0.28010.2036
MinimumVisualStudioVersion = 10.0.40219.1
Project("{FAE04EC0-301F-11D3-BF4B-00C04F79EFBC}") = "BlogService", "BlogService\BlogService.csproj", "{991A5739-B980-4A6B-8942-28CF6E07EE94}"
EndProject
Global
	GlobalSection(SolutionConfigurationPlatforms) = preSolution
		Debug|Any CPU = Debug|Any CPU
		Release|Any CPU = Release|Any CPU
	EndGlobalSection
	GlobalSection(ProjectConfigurationPlatforms) = postSolution
		{991A5739-B980-4A6B-8942-28CF6E07EE94}.Debug|Any CPU.ActiveCfg = Debug|Any CPU
		{991A5739-B980-4A6B-8942-28CF6E07EE94}.Debug|Any CPU.Build.0 = Debug|Any CPU
		{991A5739-B980-4A6B-8942-28CF6E07EE94}.Release|Any CPU.ActiveCfg = Release|Any CPU
		{991A5739-B980-4A6B-8942-28CF6E07EE94}.Release|Any CPU.Build.0 = Release|Any CPU
	EndGlobalSection
	GlobalSection(SolutionProperties) = preSolution
		HideSolutionNode = FALSE
	EndGlobalSection
	GlobalSection(ExtensibilityGlobals) = postSolution
		SolutionGuid = {E0CB8FCE-5EE6-47A3-BF37-8BEFF0900927}
	EndGlobalSection
EndGlobal
